
Microsoft Visual Studio Solution File, Format Version 12.00
# Visual Studio Version 17
VisualStudioVersion = 17.9.34902.65
MinimumVisualStudioVersion = 10.0.40219.1
Project("{FAE04EC0-301F-11D3-BF4B-00C04F79EFBC}") = "TicTacToe", "TicTacToe.csproj", "{FA93D3FE-EDA3-4527-A06E-B00A277F5276}"
EndProject
Global
	GlobalSection(SolutionConfigurationPlatforms) = preSolution
		Debug|Any CPU = Debug|Any CPU
		Release|Any CPU = Release|Any CPU
	EndGlobalSection
	GlobalSection(ProjectConfigurationPlatforms) = postSolution
		{FA93D3FE-EDA3-4527-A06E-B00A277F5276}.Debug|Any CPU.ActiveCfg = Debug|Any CPU
		{FA93D3FE-EDA3-4527-A06E-B00A277F5276}.Debug|Any CPU.Build.0 = Debug|Any CPU
		{FA93D3FE-EDA3-4527-A06E-B00A277F5276}.Release|Any CPU.ActiveCfg = Release|Any CPU
		{FA93D3FE-EDA3-4527-A06E-B00A277F5276}.Release|Any CPU.Build.0 = Release|Any CPU
	EndGlobalSection
	GlobalSection(SolutionProperties) = preSolution
		HideSolutionNode = FALSE
	EndGlobalSection
	GlobalSection(ExtensibilityGlobals) = postSolution
		SolutionGuid = {A242C7AA-570A-4634-908F-DBEAFFC38D4B}
	EndGlobalSection
EndGlobal
